
Microsoft Visual Studio Solution File, Format Version 12.00
# Visual Studio Version 16
VisualStudioVersion = 16.0.31424.327
MinimumVisualStudioVersion = 10.0.40219.1
Project("{8BC9CEB8-8B4A-11D0-8D11-00A0C91BC942}") = "game_vsproj", "gamevsproj\gamevsproj.vcxproj", "{28C56CB2-C443-485D-9887-48737ED058A0}"
EndProject
Project("{8BC9CEB8-8B4A-11D0-8D11-00A0C91BC942}") = "mapeditor_vsproj", "mapeditor_vsproj\mapeditor_vsproj.vcxproj", "{17C64283-FF37-4715-97FD-F6AF09732044}"
EndProject
Global
	GlobalSection(SolutionConfigurationPlatforms) = preSolution
		Debug|x64 = Debug|x64
		Debug|x86 = Debug|x86
		Release|x64 = Release|x64
		Release|x86 = Release|x86
	EndGlobalSection
	GlobalSection(ProjectConfigurationPlatforms) = postSolution
		{28C56CB2-C443-485D-9887-48737ED058A0}.Debug|x64.ActiveCfg = Debug|x64
		{28C56CB2-C443-485D-9887-48737ED058A0}.Debug|x64.Build.0 = Debug|x64
		{28C56CB2-C443-485D-9887-48737ED058A0}.Debug|x86.ActiveCfg = Debug|Win32
		{28C56CB2-C443-485D-9887-48737ED058A0}.Debug|x86.Build.0 = Debug|Win32
		{28C56CB2-C443-485D-9887-48737ED058A0}.Release|x64.ActiveCfg = Release|x64
		{28C56CB2-C443-485D-9887-48737ED058A0}.Release|x64.Build.0 = Release|x64
		{28C56CB2-C443-485D-9887-48737ED058A0}.Release|x86.ActiveCfg = Release|Win32
		{28C56CB2-C443-485D-9887-48737ED058A0}.Release|x86.Build.0 = Release|Win32
		{17C64283-FF37-4715-97FD-F6AF09732044}.Debug|x64.ActiveCfg = Debug|x64
		{17C64283-FF37-4715-97FD-F6AF09732044}.Debug|x64.Build.0 = Debug|x64
		{17C64283-FF37-4715-97FD-F6AF09732044}.Debug|x86.ActiveCfg = Debug|Win32
		{17C64283-FF37-4715-97FD-F6AF09732044}.Debug|x86.Build.0 = Debug|Win32
		{17C64283-FF37-4715-97FD-F6AF09732044}.Release|x64.ActiveCfg = Release|x64
		{17C64283-FF37-4715-97FD-F6AF09732044}.Release|x64.Build.0 = Release|x64
		{17C64283-FF37-4715-97FD-F6AF09732044}.Release|x86.ActiveCfg = Release|Win32
		{17C64283-FF37-4715-97FD-F6AF09732044}.Release|x86.Build.0 = Release|Win32
	EndGlobalSection
	GlobalSection(SolutionProperties) = preSolution
		HideSolutionNode = FALSE
	EndGlobalSection
	GlobalSection(ExtensibilityGlobals) = postSolution
		SolutionGuid = {CB228C6B-598A-4975-B93A-BDBA152054A8}
	EndGlobalSection
EndGlobal
